
Microsoft Visual Studio Solution File, Format Version 12.00
# Visual Studio Version 17
VisualStudioVersion = 17.5.002.0
MinimumVisualStudioVersion = 10.0.40219.1
Project("{9A19103F-16F7-4668-BE54-9A1E7A4F7556}") = "WhatsAppMessageSender", "WhatsAppMessageSender.csproj", "{EDAE7147-D351-4493-ABCD-FBB6D63B0465}"
EndProject
Global
	GlobalSection(SolutionConfigurationPlatforms) = preSolution
		Debug|Any CPU = Debug|Any CPU
		Release|Any CPU = Release|Any CPU
	EndGlobalSection
	GlobalSection(ProjectConfigurationPlatforms) = postSolution
		{EDAE7147-D351-4493-ABCD-FBB6D63B0465}.Debug|Any CPU.ActiveCfg = Debug|Any CPU
		{EDAE7147-D351-4493-ABCD-FBB6D63B0465}.Debug|Any CPU.Build.0 = Debug|Any CPU
		{EDAE7147-D351-4493-ABCD-FBB6D63B0465}.Release|Any CPU.ActiveCfg = Release|Any CPU
		{EDAE7147-D351-4493-ABCD-FBB6D63B0465}.Release|Any CPU.Build.0 = Release|Any CPU
	EndGlobalSection
	GlobalSection(SolutionProperties) = preSolution
		HideSolutionNode = FALSE
	EndGlobalSection
	GlobalSection(ExtensibilityGlobals) = postSolution
		SolutionGuid = {C99AE180-0D60-4DCD-A17F-210989DB4A80}
	EndGlobalSection
EndGlobal
